PODS:
  - CHWebPreview (1.0.0)
  - SDWebImage (3.7.5):
    - SDWebImage/Core (= 3.7.5)
  - SDWebImage/Core (3.7.5)
  - SVProgressHUD (2.0.3)

DEPENDENCIES:
  - CHWebPreview (from `..`)
  - SDWebImage (~> 3.7.5)
  - SVProgressHUD

EXTERNAL SOURCES:
  CHWebPreview:
    :path: ".."

SPEC CHECKSUMS:
  CHWebPreview: 7ca5e2f945da27fadea95af5fb3b2ea95ea87859
  SDWebImage: 69c6303e3348fba97e03f65d65d4fbc26740f461
  SVProgressHUD: b0830714205bea1317ea1a2ebc71e5633af334d4

COCOAPODS: 0.39.0
